
Microsoft Visual Studio Solution File, Format Version 12.00
# Visual Studio Version 17
VisualStudioVersion = 17.12.35514.174 d17.12
MinimumVisualStudioVersion = 10.0.40219.1
Project("{FAE04EC0-301F-11D3-BF4B-00C04F79EFBC}") = "FoodieHub.API", "FoodieHub.API\FoodieHub.API.csproj", "{182FD42E-AC08-4966-AF56-8DD746C09486}"
EndProject
Project("{FAE04EC0-301F-11D3-BF4B-00C04F79EFBC}") = "FoodieHub.MVC", "FoodieHub.MVC\FoodieHub.MVC.csproj", "{EDD16F33-0C68-441B-BDF7-56CAC60C4E70}"
EndProject
Global
	GlobalSection(SolutionConfigurationPlatforms) = preSolution
		Debug|Any CPU = Debug|Any CPU
		Release|Any CPU = Release|Any CPU
	EndGlobalSection
	GlobalSection(ProjectConfigurationPlatforms) = postSolution
		{182FD42E-AC08-4966-AF56-8DD746C09486}.Debug|Any CPU.ActiveCfg = Debug|Any CPU
		{182FD42E-AC08-4966-AF56-8DD746C09486}.Debug|Any CPU.Build.0 = Debug|Any CPU
		{182FD42E-AC08-4966-AF56-8DD746C09486}.Release|Any CPU.ActiveCfg = Release|Any CPU
		{182FD42E-AC08-4966-AF56-8DD746C09486}.Release|Any CPU.Build.0 = Release|Any CPU
		{EDD16F33-0C68-441B-BDF7-56CAC60C4E70}.Debug|Any CPU.ActiveCfg = Debug|Any CPU
		{EDD16F33-0C68-441B-BDF7-56CAC60C4E70}.Debug|Any CPU.Build.0 = Debug|Any CPU
		{EDD16F33-0C68-441B-BDF7-56CAC60C4E70}.Release|Any CPU.ActiveCfg = Release|Any CPU
		{EDD16F33-0C68-441B-BDF7-56CAC60C4E70}.Release|Any CPU.Build.0 = Release|Any CPU
	EndGlobalSection
	GlobalSection(SolutionProperties) = preSolution
		HideSolutionNode = FALSE
	EndGlobalSection
EndGlobal
